
Microsoft Visual Studio Solution File, Format Version 12.00
# Visual Studio 2012
Project("{FAE04EC0-301F-11D3-BF4B-00C04F79EFBC}") = "CSharpEx", "CSharpEx\CSharpEx.csproj", "{D8305C31-23B1-4181-9F54-740ACA9F5D1B}"
EndProject
Project("{FAE04EC0-301F-11D3-BF4B-00C04F79EFBC}") = "test", "test\test.csproj", "{C485ABDB-CF08-474F-8474-548C7E9BA062}"
EndProject
Global
	GlobalSection(SolutionConfigurationPlatforms) = preSolution
		Debug|Any CPU = Debug|Any CPU
		Debug|Mixed Platforms = Debug|Mixed Platforms
		Debug|x86 = Debug|x86
		Release|Any CPU = Release|Any CPU
		Release|Mixed Platforms = Release|Mixed Platforms
		Release|x86 = Release|x86
	EndGlobalSection
	GlobalSection(ProjectConfigurationPlatforms) = postSolution
		{D8305C31-23B1-4181-9F54-740ACA9F5D1B}.Debug|Any CPU.ActiveCfg = Debug|x86
		{D8305C31-23B1-4181-9F54-740ACA9F5D1B}.Debug|Mixed Platforms.ActiveCfg = Debug|x86
		{D8305C31-23B1-4181-9F54-740ACA9F5D1B}.Debug|Mixed Platforms.Build.0 = Debug|x86
		{D8305C31-23B1-4181-9F54-740ACA9F5D1B}.Debug|x86.ActiveCfg = Debug|x86
		{D8305C31-23B1-4181-9F54-740ACA9F5D1B}.Debug|x86.Build.0 = Debug|x86
		{D8305C31-23B1-4181-9F54-740ACA9F5D1B}.Release|Any CPU.ActiveCfg = Release|x86
		{D8305C31-23B1-4181-9F54-740ACA9F5D1B}.Release|Mixed Platforms.ActiveCfg = Release|x86
		{D8305C31-23B1-4181-9F54-740ACA9F5D1B}.Release|Mixed Platforms.Build.0 = Release|x86
		{D8305C31-23B1-4181-9F54-740ACA9F5D1B}.Release|x86.ActiveCfg = Release|x86
		{D8305C31-23B1-4181-9F54-740ACA9F5D1B}.Release|x86.Build.0 = Release|x86
		{C485ABDB-CF08-474F-8474-548C7E9BA062}.Debug|Any CPU.ActiveCfg = Debug|Any CPU
		{C485ABDB-CF08-474F-8474-548C7E9BA062}.Debug|Any CPU.Build.0 = Debug|Any CPU
		{C485ABDB-CF08-474F-8474-548C7E9BA062}.Debug|Mixed Platforms.ActiveCfg = Debug|Any CPU
		{C485ABDB-CF08-474F-8474-548C7E9BA062}.Debug|Mixed Platforms.Build.0 = Debug|Any CPU
		{C485ABDB-CF08-474F-8474-548C7E9BA062}.Debug|x86.ActiveCfg = Debug|Any CPU
		{C485ABDB-CF08-474F-8474-548C7E9BA062}.Release|Any CPU.ActiveCfg = Release|Any CPU
		{C485ABDB-CF08-474F-8474-548C7E9BA062}.Release|Any CPU.Build.0 = Release|Any CPU
		{C485ABDB-CF08-474F-8474-548C7E9BA062}.Release|Mixed Platforms.ActiveCfg = Release|Any CPU
		{C485ABDB-CF08-474F-8474-548C7E9BA062}.Release|Mixed Platforms.Build.0 = Release|Any CPU
		{C485ABDB-CF08-474F-8474-548C7E9BA062}.Release|x86.ActiveCfg = Release|Any CPU
	EndGlobalSection
	GlobalSection(SolutionProperties) = preSolution
		HideSolutionNode = FALSE
	EndGlobalSection
EndGlobal
