
Microsoft Visual Studio Solution File, Format Version 11.00
# Visual Studio 2010
Project("{FAE04EC0-301F-11D3-BF4B-00C04F79EFBC}") = "CSharpEx", "CSharpEx\CSharpEx.csproj", "{D8305C31-23B1-4181-9F54-740ACA9F5D1B}"
EndProject
Global
	GlobalSection(SolutionConfigurationPlatforms) = preSolution
		Debug|x86 = Debug|x86
		Release|x86 = Release|x86
	EndGlobalSection
	GlobalSection(ProjectConfigurationPlatforms) = postSolution
		{D8305C31-23B1-4181-9F54-740ACA9F5D1B}.Debug|x86.ActiveCfg = Debug|x86
		{D8305C31-23B1-4181-9F54-740ACA9F5D1B}.Debug|x86.Build.0 = Debug|x86
		{D8305C31-23B1-4181-9F54-740ACA9F5D1B}.Release|x86.ActiveCfg = Release|x86
		{D8305C31-23B1-4181-9F54-740ACA9F5D1B}.Release|x86.Build.0 = Release|x86
	EndGlobalSection
	GlobalSection(SolutionProperties) = preSolution
		HideSolutionNode = FALSE
	EndGlobalSection
EndGlobal
